
Microsoft Visual Studio Solution File, Format Version 12.00
# Visual Studio 14
VisualStudioVersion = 14.0.25420.1
MinimumVisualStudioVersion = 10.0.40219.1
Project("{FAE04EC0-301F-11D3-BF4B-00C04F79EFBC}") = "Arboles", "Arboles\Arboles\Arboles.csproj", "{1F1A2C6F-563E-4B40-A970-F0942D2D1459}"
EndProject
Project("{FAE04EC0-301F-11D3-BF4B-00C04F79EFBC}") = "Arboles.Droid", "Arboles\Arboles.Droid\Arboles.Droid.csproj", "{06C43304-1886-420E-BA9F-AAF26A0C24F7}"
EndProject
Project("{FAE04EC0-301F-11D3-BF4B-00C04F79EFBC}") = "Arboles.iOS", "Arboles\Arboles.iOS\Arboles.iOS.csproj", "{B8CC6517-8052-4E7D-B96D-94AC5B2840E8}"
EndProject
Global
	GlobalSection(SolutionConfigurationPlatforms) = preSolution
		Ad-Hoc|Any CPU = Ad-Hoc|Any CPU
		Ad-Hoc|iPhone = Ad-Hoc|iPhone
		Ad-Hoc|iPhoneSimulator = Ad-Hoc|iPhoneSimulator
		AppStore|Any CPU = AppStore|Any CPU
		AppStore|iPhone = AppStore|iPhone
		AppStore|iPhoneSimulator = AppStore|iPhoneSimulator
		Debug|Any CPU = Debug|Any CPU
		Debug|iPhone = Debug|iPhone
		Debug|iPhoneSimulator = Debug|iPhoneSimulator
		Release|Any CPU = Release|Any CPU
		Release|iPhone = Release|iPhone
		Release|iPhoneSimulator = Release|iPhoneSimulator
	EndGlobalSection
	GlobalSection(ProjectConfigurationPlatforms) = postSolution
		{1F1A2C6F-563E-4B40-A970-F0942D2D1459}.Ad-Hoc|Any CPU.ActiveCfg = Release|Any CPU
		{1F1A2C6F-563E-4B40-A970-F0942D2D1459}.Ad-Hoc|Any CPU.Build.0 = Release|Any CPU
		{1F1A2C6F-563E-4B40-A970-F0942D2D1459}.Ad-Hoc|iPhone.ActiveCfg = Release|Any CPU
		{1F1A2C6F-563E-4B40-A970-F0942D2D1459}.Ad-Hoc|iPhone.Build.0 = Release|Any CPU
		{1F1A2C6F-563E-4B40-A970-F0942D2D1459}.Ad-Hoc|iPhoneSimulator.ActiveCfg = Release|Any CPU
		{1F1A2C6F-563E-4B40-A970-F0942D2D1459}.Ad-Hoc|iPhoneSimulator.Build.0 = Release|Any CPU
		{1F1A2C6F-563E-4B40-A970-F0942D2D1459}.AppStore|Any CPU.ActiveCfg = Release|Any CPU
		{1F1A2C6F-563E-4B40-A970-F0942D2D1459}.AppStore|Any CPU.Build.0 = Release|Any CPU
		{1F1A2C6F-563E-4B40-A970-F0942D2D1459}.AppStore|iPhone.ActiveCfg = Release|Any CPU
		{1F1A2C6F-563E-4B40-A970-F0942D2D1459}.AppStore|iPhone.Build.0 = Release|Any CPU
		{1F1A2C6F-563E-4B40-A970-F0942D2D1459}.AppStore|iPhoneSimulator.ActiveCfg = Release|Any CPU
		{1F1A2C6F-563E-4B40-A970-F0942D2D1459}.AppStore|iPhoneSimulator.Build.0 = Release|Any CPU
		{1F1A2C6F-563E-4B40-A970-F0942D2D1459}.Debug|Any CPU.ActiveCfg = Debug|Any CPU
		{1F1A2C6F-563E-4B40-A970-F0942D2D1459}.Debug|Any CPU.Build.0 = Debug|Any CPU
		{1F1A2C6F-563E-4B40-A970-F0942D2D1459}.Debug|iPhone.ActiveCfg = Debug|Any CPU
		{1F1A2C6F-563E-4B40-A970-F0942D2D1459}.Debug|iPhone.Build.0 = Debug|Any CPU
		{1F1A2C6F-563E-4B40-A970-F0942D2D1459}.Debug|iPhoneSimulator.ActiveCfg = Debug|Any CPU
		{1F1A2C6F-563E-4B40-A970-F0942D2D1459}.Debug|iPhoneSimulator.Build.0 = Debug|Any CPU
		{1F1A2C6F-563E-4B40-A970-F0942D2D1459}.Release|Any CPU.ActiveCfg = Release|Any CPU
		{1F1A2C6F-563E-4B40-A970-F0942D2D1459}.Release|Any CPU.Build.0 = Release|Any CPU
		{1F1A2C6F-563E-4B40-A970-F0942D2D1459}.Release|iPhone.ActiveCfg = Release|Any CPU
		{1F1A2C6F-563E-4B40-A970-F0942D2D1459}.Release|iPhone.Build.0 = Release|Any CPU
		{1F1A2C6F-563E-4B40-A970-F0942D2D1459}.Release|iPhoneSimulator.ActiveCfg = Release|Any CPU
		{1F1A2C6F-563E-4B40-A970-F0942D2D1459}.Release|iPhoneSimulator.Build.0 = Release|Any CPU
		{06C43304-1886-420E-BA9F-AAF26A0C24F7}.Ad-Hoc|Any CPU.ActiveCfg = Release|Any CPU
		{06C43304-1886-420E-BA9F-AAF26A0C24F7}.Ad-Hoc|Any CPU.Build.0 = Release|Any CPU
		{06C43304-1886-420E-BA9F-AAF26A0C24F7}.Ad-Hoc|Any CPU.Deploy.0 = Release|Any CPU
		{06C43304-1886-420E-BA9F-AAF26A0C24F7}.Ad-Hoc|iPhone.ActiveCfg = Release|Any CPU
		{06C43304-1886-420E-BA9F-AAF26A0C24F7}.Ad-Hoc|iPhone.Build.0 = Release|Any CPU
		{06C43304-1886-420E-BA9F-AAF26A0C24F7}.Ad-Hoc|iPhone.Deploy.0 = Release|Any CPU
		{06C43304-1886-420E-BA9F-AAF26A0C24F7}.Ad-Hoc|iPhoneSimulator.ActiveCfg = Release|Any CPU
		{06C43304-1886-420E-BA9F-AAF26A0C24F7}.Ad-Hoc|iPhoneSimulator.Build.0 = Release|Any CPU
		{06C43304-1886-420E-BA9F-AAF26A0C24F7}.Ad-Hoc|iPhoneSimulator.Deploy.0 = Release|Any CPU
		{06C43304-1886-420E-BA9F-AAF26A0C24F7}.AppStore|Any CPU.ActiveCfg = Release|Any CPU
		{06C43304-1886-420E-BA9F-AAF26A0C24F7}.AppStore|Any CPU.Build.0 = Release|Any CPU
		{06C43304-1886-420E-BA9F-AAF26A0C24F7}.AppStore|Any CPU.Deploy.0 = Release|Any CPU
		{06C43304-1886-420E-BA9F-AAF26A0C24F7}.AppStore|iPhone.ActiveCfg = Release|Any CPU
		{06C43304-1886-420E-BA9F-AAF26A0C24F7}.AppStore|iPhone.Build.0 = Release|Any CPU
		{06C43304-1886-420E-BA9F-AAF26A0C24F7}.AppStore|iPhone.Deploy.0 = Release|Any CPU
		{06C43304-1886-420E-BA9F-AAF26A0C24F7}.AppStore|iPhoneSimulator.ActiveCfg = Release|Any CPU
		{06C43304-1886-420E-BA9F-AAF26A0C24F7}.AppStore|iPhoneSimulator.Build.0 = Release|Any CPU
		{06C43304-1886-420E-BA9F-AAF26A0C24F7}.AppStore|iPhoneSimulator.Deploy.0 = Release|Any CPU
		{06C43304-1886-420E-BA9F-AAF26A0C24F7}.Debug|Any CPU.ActiveCfg = Debug|Any CPU
		{06C43304-1886-420E-BA9F-AAF26A0C24F7}.Debug|Any CPU.Build.0 = Debug|Any CPU
		{06C43304-1886-420E-BA9F-AAF26A0C24F7}.Debug|Any CPU.Deploy.0 = Debug|Any CPU
		{06C43304-1886-420E-BA9F-AAF26A0C24F7}.Debug|iPhone.ActiveCfg = Debug|Any CPU
		{06C43304-1886-420E-BA9F-AAF26A0C24F7}.Debug|iPhone.Build.0 = Debug|Any CPU
		{06C43304-1886-420E-BA9F-AAF26A0C24F7}.Debug|iPhone.Deploy.0 = Debug|Any CPU
		{06C43304-1886-420E-BA9F-AAF26A0C24F7}.Debug|iPhoneSimulator.ActiveCfg = Debug|Any CPU
		{06C43304-1886-420E-BA9F-AAF26A0C24F7}.Debug|iPhoneSimulator.Build.0 = Debug|Any CPU
		{06C43304-1886-420E-BA9F-AAF26A0C24F7}.Debug|iPhoneSimulator.Deploy.0 = Debug|Any CPU
		{06C43304-1886-420E-BA9F-AAF26A0C24F7}.Release|Any CPU.ActiveCfg = Release|Any CPU
		{06C43304-1886-420E-BA9F-AAF26A0C24F7}.Release|Any CPU.Build.0 = Release|Any CPU
		{06C43304-1886-420E-BA9F-AAF26A0C24F7}.Release|Any CPU.Deploy.0 = Release|Any CPU
		{06C43304-1886-420E-BA9F-AAF26A0C24F7}.Release|iPhone.ActiveCfg = Release|Any CPU
		{06C43304-1886-420E-BA9F-AAF26A0C24F7}.Release|iPhone.Build.0 = Release|Any CPU
		{06C43304-1886-420E-BA9F-AAF26A0C24F7}.Release|iPhone.Deploy.0 = Release|Any CPU
		{06C43304-1886-420E-BA9F-AAF26A0C24F7}.Release|iPhoneSimulator.ActiveCfg = Release|Any CPU
		{06C43304-1886-420E-BA9F-AAF26A0C24F7}.Release|iPhoneSimulator.Build.0 = Release|Any CPU
		{06C43304-1886-420E-BA9F-AAF26A0C24F7}.Release|iPhoneSimulator.Deploy.0 = Release|Any CPU
		{B8CC6517-8052-4E7D-B96D-94AC5B2840E8}.Ad-Hoc|Any CPU.ActiveCfg = Ad-Hoc|iPhone
		{B8CC6517-8052-4E7D-B96D-94AC5B2840E8}.Ad-Hoc|iPhone.ActiveCfg = Ad-Hoc|iPhone
		{B8CC6517-8052-4E7D-B96D-94AC5B2840E8}.Ad-Hoc|iPhone.Build.0 = Ad-Hoc|iPhone
		{B8CC6517-8052-4E7D-B96D-94AC5B2840E8}.Ad-Hoc|iPhoneSimulator.ActiveCfg = Ad-Hoc|iPhoneSimulator
		{B8CC6517-8052-4E7D-B96D-94AC5B2840E8}.Ad-Hoc|iPhoneSimulator.Build.0 = Ad-Hoc|iPhoneSimulator
		{B8CC6517-8052-4E7D-B96D-94AC5B2840E8}.AppStore|Any CPU.ActiveCfg = AppStore|iPhone
		{B8CC6517-8052-4E7D-B96D-94AC5B2840E8}.AppStore|iPhone.ActiveCfg = AppStore|iPhone
		{B8CC6517-8052-4E7D-B96D-94AC5B2840E8}.AppStore|iPhone.Build.0 = AppStore|iPhone
		{B8CC6517-8052-4E7D-B96D-94AC5B2840E8}.AppStore|iPhoneSimulator.ActiveCfg = AppStore|iPhoneSimulator
		{B8CC6517-8052-4E7D-B96D-94AC5B2840E8}.AppStore|iPhoneSimulator.Build.0 = AppStore|iPhoneSimulator
		{B8CC6517-8052-4E7D-B96D-94AC5B2840E8}.Debug|Any CPU.ActiveCfg = Debug|iPhone
		{B8CC6517-8052-4E7D-B96D-94AC5B2840E8}.Debug|iPhone.ActiveCfg = Debug|iPhone
		{B8CC6517-8052-4E7D-B96D-94AC5B2840E8}.Debug|iPhone.Build.0 = Debug|iPhone
		{B8CC6517-8052-4E7D-B96D-94AC5B2840E8}.Debug|iPhoneSimulator.ActiveCfg = Debug|iPhoneSimulator
		{B8CC6517-8052-4E7D-B96D-94AC5B2840E8}.Debug|iPhoneSimulator.Build.0 = Debug|iPhoneSimulator
		{B8CC6517-8052-4E7D-B96D-94AC5B2840E8}.Release|Any CPU.ActiveCfg = Release|iPhone
		{B8CC6517-8052-4E7D-B96D-94AC5B2840E8}.Release|iPhone.ActiveCfg = Release|iPhone
		{B8CC6517-8052-4E7D-B96D-94AC5B2840E8}.Release|iPhone.Build.0 = Release|iPhone
		{B8CC6517-8052-4E7D-B96D-94AC5B2840E8}.Release|iPhoneSimulator.ActiveCfg = Release|iPhoneSimulator
		{B8CC6517-8052-4E7D-B96D-94AC5B2840E8}.Release|iPhoneSimulator.Build.0 = Release|iPhoneSimulator
	EndGlobalSection
	GlobalSection(SolutionProperties) = preSolution
		HideSolutionNode = FALSE
	EndGlobalSection
EndGlobal
